
Microsoft Visual Studio Solution File, Format Version 12.00
# Visual Studio Version 17
VisualStudioVersion = 17.10.35122.118
MinimumVisualStudioVersion = 10.0.40219.1
Project("{FAE04EC0-301F-11D3-BF4B-00C04F79EFBC}") = "TodoList", "TodoList\TodoList.csproj", "{3C84FEE3-A766-48D5-BE18-9B1B0650CC50}"
EndProject
Project("{FAE04EC0-301F-11D3-BF4B-00C04F79EFBC}") = "UserDataAccess1", "UserDataAccess1\UserDataAccess1.csproj", "{2A42FC3E-B472-459D-A0BC-63892C18314E}"
EndProject
Project("{FAE04EC0-301F-11D3-BF4B-00C04F79EFBC}") = "TodoListApp", "TodoListApp\TodoListApp.csproj", "{3F0D3C9E-D323-4E27-BB86-4C663066C43F}"
EndProject
Global
	GlobalSection(SolutionConfigurationPlatforms) = preSolution
		Debug|Any CPU = Debug|Any CPU
		Release|Any CPU = Release|Any CPU
	EndGlobalSection
	GlobalSection(ProjectConfigurationPlatforms) = postSolution
		{3C84FEE3-A766-48D5-BE18-9B1B0650CC50}.Debug|Any CPU.ActiveCfg = Debug|Any CPU
		{3C84FEE3-A766-48D5-BE18-9B1B0650CC50}.Debug|Any CPU.Build.0 = Debug|Any CPU
		{3C84FEE3-A766-48D5-BE18-9B1B0650CC50}.Release|Any CPU.ActiveCfg = Release|Any CPU
		{3C84FEE3-A766-48D5-BE18-9B1B0650CC50}.Release|Any CPU.Build.0 = Release|Any CPU
		{2A42FC3E-B472-459D-A0BC-63892C18314E}.Debug|Any CPU.ActiveCfg = Debug|Any CPU
		{2A42FC3E-B472-459D-A0BC-63892C18314E}.Debug|Any CPU.Build.0 = Debug|Any CPU
		{2A42FC3E-B472-459D-A0BC-63892C18314E}.Release|Any CPU.ActiveCfg = Release|Any CPU
		{2A42FC3E-B472-459D-A0BC-63892C18314E}.Release|Any CPU.Build.0 = Release|Any CPU
		{3F0D3C9E-D323-4E27-BB86-4C663066C43F}.Debug|Any CPU.ActiveCfg = Debug|Any CPU
		{3F0D3C9E-D323-4E27-BB86-4C663066C43F}.Debug|Any CPU.Build.0 = Debug|Any CPU
		{3F0D3C9E-D323-4E27-BB86-4C663066C43F}.Release|Any CPU.ActiveCfg = Release|Any CPU
		{3F0D3C9E-D323-4E27-BB86-4C663066C43F}.Release|Any CPU.Build.0 = Release|Any CPU
	EndGlobalSection
	GlobalSection(SolutionProperties) = preSolution
		HideSolutionNode = FALSE
	EndGlobalSection
	GlobalSection(ExtensibilityGlobals) = postSolution
		SolutionGuid = {E4D01290-FC07-4F93-ABD6-AE3C1E0B859E}
	EndGlobalSection
EndGlobal
